# This file is automatically @generated by Poetry 2.0.1 and should not be changed by hand.

[[package]]
name = "certifi"
version = "2025.1.31"
description = "Python package for providing Mozilla's CA Bundle."
optional = false
python-versions = ">=3.6"
groups = ["main"]
files = [
    {file = "certifi-2025.1.31-py3-none-any.whl", hash = "sha256:ca78db4565a652026a4db2bcdf68f2fb589ea80d0be70e03929ed730746b84fe"},
    {file = "certifi-2025.1.31.tar.gz", hash = "sha256:3d5da6925056f6f18f119200434a4780a94263f10d1c21d032a6f6b2baa20651"},
]

[[package]]
name = "sentry-sdk"
version = "2.22.0"
description = "Python client for Sentry (https://sentry.io)"
optional = false
python-versions = ">=3.6"
groups = ["main"]
files = [
    {file = "sentry_sdk-2.22.0-py2.py3-none-any.whl", hash = "sha256:3d791d631a6c97aad4da7074081a57073126c69487560c6f8bffcf586461de66"},
    {file = "sentry_sdk-2.22.0.tar.gz", hash = "sha256:b4bf43bb38f547c84b2eadcefbe389b36ef75f3f38253d7a74d6b928c07ae944"},
]

[package.dependencies]
certifi = "*"
urllib3 = ">=1.26.11"

[package.extras]
aiohttp = ["aiohttp (>=3.5)"]
anthropic = ["anthropic (>=0.16)"]
arq = ["arq (>=0.23)"]
asyncpg = ["asyncpg (>=0.23)"]
beam = ["apache-beam (>=2.12)"]
bottle = ["bottle (>=0.12.13)"]
celery = ["celery (>=3)"]
celery-redbeat = ["celery-redbeat (>=2)"]
chalice = ["chalice (>=1.16.0)"]
clickhouse-driver = ["clickhouse-driver (>=0.2.0)"]
django = ["django (>=1.8)"]
falcon = ["falcon (>=1.4)"]
fastapi = ["fastapi (>=0.79.0)"]
flask = ["blinker (>=1.1)", "flask (>=0.11)", "markupsafe"]
grpcio = ["grpcio (>=1.21.1)", "protobuf (>=3.8.0)"]
http2 = ["httpcore[http2] (==1.*)"]
httpx = ["httpx (>=0.16.0)"]
huey = ["huey (>=2)"]
huggingface-hub = ["huggingface_hub (>=0.22)"]
langchain = ["langchain (>=0.0.210)"]
launchdarkly = ["launchdarkly-server-sdk (>=9.8.0)"]
litestar = ["litestar (>=2.0.0)"]
loguru = ["loguru (>=0.5)"]
openai = ["openai (>=1.0.0)", "tiktoken (>=0.3.0)"]
openfeature = ["openfeature-sdk (>=0.7.1)"]
opentelemetry = ["opentelemetry-distro (>=0.35b0)"]
opentelemetry-experimental = ["opentelemetry-distro"]
pure-eval = ["asttokens", "executing", "pure_eval"]
pymongo = ["pymongo (>=3.1)"]
pyspark = ["pyspark (>=2.4.4)"]
quart = ["blinker (>=1.1)", "quart (>=0.16.1)"]
rq = ["rq (>=0.6)"]
sanic = ["sanic (>=0.8)"]
sqlalchemy = ["sqlalchemy (>=1.2)"]
starlette = ["starlette (>=0.19.1)"]
starlite = ["starlite (>=1.48)"]
statsig = ["statsig (>=0.55.3)"]
tornado = ["tornado (>=6)"]
unleash = ["UnleashClient (>=6.0.1)"]

[[package]]
name = "urllib3"
version = "2.0.7"
description = "HTTP library with thread-safe connection pooling, file post, and more."
optional = false
python-versions = ">=3.7"
groups = ["main"]
files = [
    {file = "urllib3-2.0.7-py3-none-any.whl", hash = "sha256:fdb6d215c776278489906c2f8916e6e7d4f5a9b602ccbcfdf7f016fc8da0596e"},
    {file = "urllib3-2.0.7.tar.gz", hash = "sha256:c97dfde1f7bd43a71c8d2a58e369e9b2bf692d1334ea9f9cae55add7d0dd0f84"},
]

[package.extras]
brotli = ["brotli (>=1.0.9)", "brotlicffi (>=0.8.0)"]
secure = ["certifi", "cryptography (>=1.9)", "idna (>=2.0.0)", "pyopenssl (>=17.1.0)", "urllib3-secure-extra"]
socks = ["pysocks (>=1.5.6,!=1.5.7,<2.0)"]
zstd = ["zstandard (>=0.18.0)"]

[metadata]
lock-version = "2.1"
python-versions = "^3.7"
content-hash = "9f63e0956fd23716be6a0dda444191546d6e61bd1db51e95bc7b0086f0bd2777"
